
Microsoft Visual Studio Solution File, Format Version 12.00
# Visual Studio Version 17
VisualStudioVersion = 17.7.34031.279
MinimumVisualStudioVersion = 10.0.40219.1
Project("{FAE04EC0-301F-11D3-BF4B-00C04F79EFBC}") = "pruebas_unitarias", "pruebas_unitarias\pruebas_unitarias.csproj", "{FDBB49EA-FDF5-4ECD-B2E3-DAC445C8484B}"
EndProject
Project("{FAE04EC0-301F-11D3-BF4B-00C04F79EFBC}") = "TestProject1", "TestProject1\TestProject1.csproj", "{12B12F1A-72E7-4332-970E-37A104A87D0D}"
EndProject
Global
	GlobalSection(SolutionConfigurationPlatforms) = preSolution
		Debug|Any CPU = Debug|Any CPU
		Release|Any CPU = Release|Any CPU
	EndGlobalSection
	GlobalSection(ProjectConfigurationPlatforms) = postSolution
		{FDBB49EA-FDF5-4ECD-B2E3-DAC445C8484B}.Debug|Any CPU.ActiveCfg = Debug|Any CPU
		{FDBB49EA-FDF5-4ECD-B2E3-DAC445C8484B}.Debug|Any CPU.Build.0 = Debug|Any CPU
		{FDBB49EA-FDF5-4ECD-B2E3-DAC445C8484B}.Release|Any CPU.ActiveCfg = Release|Any CPU
		{FDBB49EA-FDF5-4ECD-B2E3-DAC445C8484B}.Release|Any CPU.Build.0 = Release|Any CPU
		{12B12F1A-72E7-4332-970E-37A104A87D0D}.Debug|Any CPU.ActiveCfg = Debug|Any CPU
		{12B12F1A-72E7-4332-970E-37A104A87D0D}.Debug|Any CPU.Build.0 = Debug|Any CPU
		{12B12F1A-72E7-4332-970E-37A104A87D0D}.Release|Any CPU.ActiveCfg = Release|Any CPU
		{12B12F1A-72E7-4332-970E-37A104A87D0D}.Release|Any CPU.Build.0 = Release|Any CPU
	EndGlobalSection
	GlobalSection(SolutionProperties) = preSolution
		HideSolutionNode = FALSE
	EndGlobalSection
	GlobalSection(ExtensibilityGlobals) = postSolution
		SolutionGuid = {95C6387A-7652-445E-BD8F-732A06432898}
	EndGlobalSection
EndGlobal
